
Microsoft Visual Studio Solution File, Format Version 12.00
# Visual Studio Version 16
VisualStudioVersion = 16.0.29215.179
MinimumVisualStudioVersion = 10.0.40219.1
Project("{FAE04EC0-301F-11D3-BF4B-00C04F79EFBC}") = "ASimpleApp", "ASimpleApp\ASimpleApp.csproj", "{BFDACBF7-5E41-40FE-A80E-0BAE2DA1EAFC}"
EndProject
Global
	GlobalSection(SolutionConfigurationPlatforms) = preSolution
		Debug|Any CPU = Debug|Any CPU
		Release|Any CPU = Release|Any CPU
	EndGlobalSection
	GlobalSection(ProjectConfigurationPlatforms) = postSolution
		{BFDACBF7-5E41-40FE-A80E-0BAE2DA1EAFC}.Debug|Any CPU.ActiveCfg = Debug|Any CPU
		{BFDACBF7-5E41-40FE-A80E-0BAE2DA1EAFC}.Debug|Any CPU.Build.0 = Debug|Any CPU
		{BFDACBF7-5E41-40FE-A80E-0BAE2DA1EAFC}.Release|Any CPU.ActiveCfg = Release|Any CPU
		{BFDACBF7-5E41-40FE-A80E-0BAE2DA1EAFC}.Release|Any CPU.Build.0 = Release|Any CPU
	EndGlobalSection
	GlobalSection(SolutionProperties) = preSolution
		HideSolutionNode = FALSE
	EndGlobalSection
	GlobalSection(ExtensibilityGlobals) = postSolution
		SolutionGuid = {6712D672-1DCF-49E8-83FE-DE5790D10224}
	EndGlobalSection
EndGlobal
